
Microsoft Visual Studio Solution File, Format Version 12.00
# Visual Studio Version 17
VisualStudioVersion = 17.14.36518.9
MinimumVisualStudioVersion = 10.0.40219.1
Project("{FAE04EC0-301F-11D3-BF4B-00C04F79EFBC}") = "m01", "01\m01\m01.csproj", "{CBBE62DA-8821-49DE-9B62-1D43C2DC283D}"
EndProject
Project("{2150E333-8FDC-42A3-9474-1A3956D46DE8}") = "01", "01", "{02EA681E-C7D8-13C7-8484-4AC65E1B71E8}"
EndProject
Project("{2150E333-8FDC-42A3-9474-1A3956D46DE8}") = "02", "02", "{2934FDEF-2B33-4412-9EF1-CE3C61747799}"
EndProject
Project("{2150E333-8FDC-42A3-9474-1A3956D46DE8}") = "03", "03", "{91FB38AB-BD0A-4132-8602-1EEC41B43301}"
EndProject
Project("{2150E333-8FDC-42A3-9474-1A3956D46DE8}") = "04", "04", "{9F99AA47-E8D5-4699-9C2D-D73DF6A926AD}"
EndProject
Project("{2150E333-8FDC-42A3-9474-1A3956D46DE8}") = "05", "05", "{C261E96E-DAF3-4A65-BD8D-36ACA27EB0F6}"
EndProject
Project("{FAE04EC0-301F-11D3-BF4B-00C04F79EFBC}") = "m02", "02\m02\m02.csproj", "{E2705E39-58BE-485B-900C-7C1A7425817B}"
EndProject
Project("{FAE04EC0-301F-11D3-BF4B-00C04F79EFBC}") = "m03", "03\m03\m03.csproj", "{23BBDB76-AD1F-42F6-8BFB-B719F5E8E888}"
EndProject
Project("{FAE04EC0-301F-11D3-BF4B-00C04F79EFBC}") = "m04", "04\m04\m04.csproj", "{DE497F28-238A-48AB-A7A8-2E6DB8D1AF4D}"
EndProject
Project("{FAE04EC0-301F-11D3-BF4B-00C04F79EFBC}") = "m05", "05\m05\m05.csproj", "{43A2A766-22F3-49CE-854E-D257603FE7C1}"
EndProject
Global
	GlobalSection(SolutionConfigurationPlatforms) = preSolution
		Debug|Any CPU = Debug|Any CPU
		Release|Any CPU = Release|Any CPU
	EndGlobalSection
	GlobalSection(ProjectConfigurationPlatforms) = postSolution
		{CBBE62DA-8821-49DE-9B62-1D43C2DC283D}.Debug|Any CPU.ActiveCfg = Debug|Any CPU
		{CBBE62DA-8821-49DE-9B62-1D43C2DC283D}.Debug|Any CPU.Build.0 = Debug|Any CPU
		{CBBE62DA-8821-49DE-9B62-1D43C2DC283D}.Release|Any CPU.ActiveCfg = Release|Any CPU
		{CBBE62DA-8821-49DE-9B62-1D43C2DC283D}.Release|Any CPU.Build.0 = Release|Any CPU
		{E2705E39-58BE-485B-900C-7C1A7425817B}.Debug|Any CPU.ActiveCfg = Debug|Any CPU
		{E2705E39-58BE-485B-900C-7C1A7425817B}.Debug|Any CPU.Build.0 = Debug|Any CPU
		{E2705E39-58BE-485B-900C-7C1A7425817B}.Release|Any CPU.ActiveCfg = Release|Any CPU
		{E2705E39-58BE-485B-900C-7C1A7425817B}.Release|Any CPU.Build.0 = Release|Any CPU
		{23BBDB76-AD1F-42F6-8BFB-B719F5E8E888}.Debug|Any CPU.ActiveCfg = Debug|Any CPU
		{23BBDB76-AD1F-42F6-8BFB-B719F5E8E888}.Debug|Any CPU.Build.0 = Debug|Any CPU
		{23BBDB76-AD1F-42F6-8BFB-B719F5E8E888}.Release|Any CPU.ActiveCfg = Release|Any CPU
		{23BBDB76-AD1F-42F6-8BFB-B719F5E8E888}.Release|Any CPU.Build.0 = Release|Any CPU
		{DE497F28-238A-48AB-A7A8-2E6DB8D1AF4D}.Debug|Any CPU.ActiveCfg = Debug|Any CPU
		{DE497F28-238A-48AB-A7A8-2E6DB8D1AF4D}.Debug|Any CPU.Build.0 = Debug|Any CPU
		{DE497F28-238A-48AB-A7A8-2E6DB8D1AF4D}.Release|Any CPU.ActiveCfg = Release|Any CPU
		{DE497F28-238A-48AB-A7A8-2E6DB8D1AF4D}.Release|Any CPU.Build.0 = Release|Any CPU
		{43A2A766-22F3-49CE-854E-D257603FE7C1}.Debug|Any CPU.ActiveCfg = Debug|Any CPU
		{43A2A766-22F3-49CE-854E-D257603FE7C1}.Debug|Any CPU.Build.0 = Debug|Any CPU
		{43A2A766-22F3-49CE-854E-D257603FE7C1}.Release|Any CPU.ActiveCfg = Release|Any CPU
		{43A2A766-22F3-49CE-854E-D257603FE7C1}.Release|Any CPU.Build.0 = Release|Any CPU
	EndGlobalSection
	GlobalSection(SolutionProperties) = preSolution
		HideSolutionNode = FALSE
	EndGlobalSection
	GlobalSection(NestedProjects) = preSolution
		{CBBE62DA-8821-49DE-9B62-1D43C2DC283D} = {02EA681E-C7D8-13C7-8484-4AC65E1B71E8}
		{E2705E39-58BE-485B-900C-7C1A7425817B} = {2934FDEF-2B33-4412-9EF1-CE3C61747799}
		{23BBDB76-AD1F-42F6-8BFB-B719F5E8E888} = {91FB38AB-BD0A-4132-8602-1EEC41B43301}
		{DE497F28-238A-48AB-A7A8-2E6DB8D1AF4D} = {9F99AA47-E8D5-4699-9C2D-D73DF6A926AD}
		{43A2A766-22F3-49CE-854E-D257603FE7C1} = {C261E96E-DAF3-4A65-BD8D-36ACA27EB0F6}
	EndGlobalSection
	GlobalSection(ExtensibilityGlobals) = postSolution
		SolutionGuid = {7DA8F92F-1F94-470F-901A-237F0D4AF57C}
	EndGlobalSection
EndGlobal
